// !$*UTF8*$!
{
	archiveVersion = 1;
	classes = {
	};
	objectVersion = 56;
	objects = {

/* Begin PBXBuildFile section */
		9B7FB9D52D7674A300CFEF2E /* MenuBarViewModel.swift in Sources */ = {isa = PBXBuildFile; fileRef = 9B7FB9D42D7674A300CFEF2E /* MenuBarViewModel.swift */; };
		9B7FB9D62D7674A300CFEF2E /* MenuBarViewModel.swift in Sources */ = {isa = PBXBuildFile; fileRef = 9B7FB9D42D7674A300CFEF2E /* MenuBarViewModel.swift */; };
		9B7FB9D72D7674A300CFEF2E /* MenuBarViewModel.swift in Sources */ = {isa = PBXBuildFile; fileRef = 9B7FB9D42D7674A300CFEF2E /* MenuBarViewModel.swift */; };
		9B7FB9D92D7675B600CFEF2E /* MenuBarTitleButton.swift in Sources */ = {isa = PBXBuildFile; fileRef = 9B7FB9D82D7675B600CFEF2E /* MenuBarTitleButton.swift */; };
		9B7FB9DA2D7675B600CFEF2E /* MenuBarTitleButton.swift in Sources */ = {isa = PBXBuildFile; fileRef = 9B7FB9D82D7675B600CFEF2E /* MenuBarTitleButton.swift */; };
		9B7FB9DB2D7675B600CFEF2E /* MenuBarTitleButton.swift in Sources */ = {isa = PBXBuildFile; fileRef = 9B7FB9D82D7675B600CFEF2E /* MenuBarTitleButton.swift */; };
		9B7FB9DD2D7675D400CFEF2E /* MenuBarTitleButtonViewModel.swift in Sources */ = {isa = PBXBuildFile; fileRef = 9B7FB9DC2D7675D400CFEF2E /* MenuBarTitleButtonViewModel.swift */; };
		9B7FB9DE2D7675D400CFEF2E /* MenuBarTitleButtonViewModel.swift in Sources */ = {isa = PBXBuildFile; fileRef = 9B7FB9DC2D7675D400CFEF2E /* MenuBarTitleButtonViewModel.swift */; };
		9B7FB9DF2D7675D400CFEF2E /* MenuBarTitleButtonViewModel.swift in Sources */ = {isa = PBXBuildFile; fileRef = 9B7FB9DC2D7675D400CFEF2E /* MenuBarTitleButtonViewModel.swift */; };
		9B7FB9E12D76776900CFEF2E /* TickTickRequester.swift in Sources */ = {isa = PBXBuildFile; fileRef = 9B7FB9E02D76776900CFEF2E /* TickTickRequester.swift */; };
		9B7FB9E22D76776900CFEF2E /* TickTickRequester.swift in Sources */ = {isa = PBXBuildFile; fileRef = 9B7FB9E02D76776900CFEF2E /* TickTickRequester.swift */; };
		9B7FB9E32D76776900CFEF2E /* TickTickRequester.swift in Sources */ = {isa = PBXBuildFile; fileRef = 9B7FB9E02D76776900CFEF2E /* TickTickRequester.swift */; };
		9B7FB9E52D76781200CFEF2E /* mock.json in Resources */ = {isa = PBXBuildFile; fileRef = 9B7FB9E42D76781200CFEF2E /* mock.json */; };
		9B7FB9E62D76781200CFEF2E /* mock.json in Resources */ = {isa = PBXBuildFile; fileRef = 9B7FB9E42D76781200CFEF2E /* mock.json */; };
		9B7FB9E72D76781200CFEF2E /* mock.json in Resources */ = {isa = PBXBuildFile; fileRef = 9B7FB9E42D76781200CFEF2E /* mock.json */; };
		9B7FB9E92D77CCE800CFEF2E /* MenuBarTitleButtonViewModel.test.swift in Sources */ = {isa = PBXBuildFile; fileRef = 9B7FB9E82D77CCE800CFEF2E /* MenuBarTitleButtonViewModel.test.swift */; };
		9BDC50502D3F701F0099ECEE /* WidgetWizardApp.swift in Sources */ = {isa = PBXBuildFile; fileRef = 9BDC504F2D3F701F0099ECEE /* WidgetWizardApp.swift */; };
		9BDC50522D3F701F0099ECEE /* MenuBarView.swift in Sources */ = {isa = PBXBuildFile; fileRef = 9BDC50512D3F701F0099ECEE /* MenuBarView.swift */; };
		9BDC50542D3F70210099ECEE /* Assets.xcassets in Resources */ = {isa = PBXBuildFile; fileRef = 9BDC50532D3F70210099ECEE /* Assets.xcassets */; };
		9BDC50572D3F70210099ECEE /* Preview Assets.xcassets in Resources */ = {isa = PBXBuildFile; fileRef = 9BDC50562D3F70210099ECEE /* Preview Assets.xcassets */; };
/* End PBXBuildFile section */

/* Begin PBXContainerItemProxy section */
		9BDC505E2D3F70210099ECEE /* PBXContainerItemProxy */ = {
			isa = PBXContainerItemProxy;
			containerPortal = 9BDC50442D3F701F0099ECEE /* Project object */;
			proxyType = 1;
			remoteGlobalIDString = 9BDC504B2D3F701F0099ECEE;
			remoteInfo = MagicWizard;
		};
		9BDC50682D3F70210099ECEE /* PBXContainerItemProxy */ = {
			isa = PBXContainerItemProxy;
			containerPortal = 9BDC50442D3F701F0099ECEE /* Project object */;
			proxyType = 1;
			remoteGlobalIDString = 9BDC504B2D3F701F0099ECEE;
			remoteInfo = MagicWizard;
		};
/* End PBXContainerItemProxy section */

/* Begin PBXFileReference section */
		9B7FB9D42D7674A300CFEF2E /* MenuBarViewModel.swift */ = {isa = PBXFileReference; lastKnownFileType = sourcecode.swift; path = MenuBarViewModel.swift; sourceTree = "<group>"; };
		9B7FB9D82D7675B600CFEF2E /* MenuBarTitleButton.swift */ = {isa = PBXFileReference; lastKnownFileType = sourcecode.swift; path = MenuBarTitleButton.swift; sourceTree = "<group>"; };
		9B7FB9DC2D7675D400CFEF2E /* MenuBarTitleButtonViewModel.swift */ = {isa = PBXFileReference; lastKnownFileType = sourcecode.swift; path = MenuBarTitleButtonViewModel.swift; sourceTree = "<group>"; };
		9B7FB9E02D76776900CFEF2E /* TickTickRequester.swift */ = {isa = PBXFileReference; lastKnownFileType = sourcecode.swift; path = TickTickRequester.swift; sourceTree = "<group>"; };
		9B7FB9E42D76781200CFEF2E /* mock.json */ = {isa = PBXFileReference; lastKnownFileType = text.json; path = mock.json; sourceTree = "<group>"; };
		9B7FB9E82D77CCE800CFEF2E /* MenuBarTitleButtonViewModel.test.swift */ = {isa = PBXFileReference; lastKnownFileType = sourcecode.swift; path = MenuBarTitleButtonViewModel.test.swift; sourceTree = "<group>"; };
		9BDC504C2D3F701F0099ECEE /* WidgetWizard.app */ = {isa = PBXFileReference; explicitFileType = wrapper.application; includeInIndex = 0; path = WidgetWizard.app; sourceTree = BUILT_PRODUCTS_DIR; };
		9BDC504F2D3F701F0099ECEE /* WidgetWizardApp.swift */ = {isa = PBXFileReference; lastKnownFileType = sourcecode.swift; path = WidgetWizardApp.swift; sourceTree = "<group>"; };
		9BDC50512D3F701F0099ECEE /* MenuBarView.swift */ = {isa = PBXFileReference; lastKnownFileType = sourcecode.swift; path = MenuBarView.swift; sourceTree = "<group>"; };
		9BDC50532D3F70210099ECEE /* Assets.xcassets */ = {isa = PBXFileReference; lastKnownFileType = folder.assetcatalog; path = Assets.xcassets; sourceTree = "<group>"; };
		9BDC50562D3F70210099ECEE /* Preview Assets.xcassets */ = {isa = PBXFileReference; lastKnownFileType = folder.assetcatalog; path = "Preview Assets.xcassets"; sourceTree = "<group>"; };
		9BDC50582D3F70210099ECEE /* WidgetWizard.entitlements */ = {isa = PBXFileReference; lastKnownFileType = text.plist.entitlements; path = WidgetWizard.entitlements; sourceTree = "<group>"; };
		9BDC505D2D3F70210099ECEE /* WidgetWizardTests.xctest */ = {isa = PBXFileReference; explicitFileType = wrapper.cfbundle; includeInIndex = 0; path = WidgetWizardTests.xctest; sourceTree = BUILT_PRODUCTS_DIR; };
		9BDC50672D3F70210099ECEE /* WidgetWizardUITests.xctest */ = {isa = PBXFileReference; explicitFileType = wrapper.cfbundle; includeInIndex = 0; path = WidgetWizardUITests.xctest; sourceTree = BUILT_PRODUCTS_DIR; };
/* End PBXFileReference section */

/* Begin PBXFrameworksBuildPhase section */
		9BDC50492D3F701F0099ECEE /* Frameworks */ = {
			isa = PBXFrameworksBuildPhase;
			buildActionMask = 2147483647;
			files = (
			);
			runOnlyForDeploymentPostprocessing = 0;
		};
		9BDC505A2D3F70210099ECEE /* Frameworks */ = {
			isa = PBXFrameworksBuildPhase;
			buildActionMask = 2147483647;
			files = (
			);
			runOnlyForDeploymentPostprocessing = 0;
		};
		9BDC50642D3F70210099ECEE /* Frameworks */ = {
			isa = PBXFrameworksBuildPhase;
			buildActionMask = 2147483647;
			files = (
			);
			runOnlyForDeploymentPostprocessing = 0;
		};
/* End PBXFrameworksBuildPhase section */

/* Begin PBXGroup section */
		9B7FB9CD2D76742900CFEF2E /* src */ = {
			isa = PBXGroup;
			children = (
				9B7FB9CE2D76742900CFEF2E /* TickTickMenuBar */,
				9B7FB9CF2D76742900CFEF2E /* Package */,
			);
			path = src;
			sourceTree = "<group>";
		};
		9B7FB9CE2D76742900CFEF2E /* TickTickMenuBar */ = {
			isa = PBXGroup;
			children = (
				9BDC50512D3F701F0099ECEE /* MenuBarView.swift */,
				9B7FB9D42D7674A300CFEF2E /* MenuBarViewModel.swift */,
				9B7FB9D82D7675B600CFEF2E /* MenuBarTitleButton.swift */,
				9B7FB9DC2D7675D400CFEF2E /* MenuBarTitleButtonViewModel.swift */,
				9B7FB9E82D77CCE800CFEF2E /* MenuBarTitleButtonViewModel.test.swift */,
			);
			path = TickTickMenuBar;
			sourceTree = "<group>";
		};
		9B7FB9CF2D76742900CFEF2E /* Package */ = {
			isa = PBXGroup;
			children = (
				9B7FB9D02D76742900CFEF2E /* API */,
			);
			path = Package;
			sourceTree = "<group>";
		};
		9B7FB9D02D76742900CFEF2E /* API */ = {
			isa = PBXGroup;
			children = (
				9B7FB9D12D76742900CFEF2E /* TickTick */,
			);
			path = API;
			sourceTree = "<group>";
		};
		9B7FB9D12D76742900CFEF2E /* TickTick */ = {
			isa = PBXGroup;
			children = (
				9B7FB9E02D76776900CFEF2E /* TickTickRequester.swift */,
				9B7FB9E42D76781200CFEF2E /* mock.json */,
			);
			path = TickTick;
			sourceTree = "<group>";
		};
		9BDC50432D3F701F0099ECEE = {
			isa = PBXGroup;
			children = (
				9BDC504E2D3F701F0099ECEE /* WidgetWizard */,
				9BDC504D2D3F701F0099ECEE /* Products */,
			);
			sourceTree = "<group>";
		};
		9BDC504D2D3F701F0099ECEE /* Products */ = {
			isa = PBXGroup;
			children = (
				9BDC504C2D3F701F0099ECEE /* WidgetWizard.app */,
				9BDC505D2D3F70210099ECEE /* WidgetWizardTests.xctest */,
				9BDC50672D3F70210099ECEE /* WidgetWizardUITests.xctest */,
			);
			name = Products;
			sourceTree = "<group>";
		};
		9BDC504E2D3F701F0099ECEE /* WidgetWizard */ = {
			isa = PBXGroup;
			children = (
				9B7FB9CD2D76742900CFEF2E /* src */,
				9BDC504F2D3F701F0099ECEE /* WidgetWizardApp.swift */,
				9BDC50532D3F70210099ECEE /* Assets.xcassets */,
				9BDC50582D3F70210099ECEE /* WidgetWizard.entitlements */,
				9BDC50552D3F70210099ECEE /* Preview Content */,
			);
			path = WidgetWizard;
			sourceTree = "<group>";
		};
		9BDC50552D3F70210099ECEE /* Preview Content */ = {
			isa = PBXGroup;
			children = (
				9BDC50562D3F70210099ECEE /* Preview Assets.xcassets */,
			);
			path = "Preview Content";
			sourceTree = "<group>";
		};
/* End PBXGroup section */

/* Begin PBXNativeTarget section */
		9BDC504B2D3F701F0099ECEE /* WidgetWizard */ = {
			isa = PBXNativeTarget;
			buildConfigurationList = 9BDC50712D3F70210099ECEE /* Build configuration list for PBXNativeTarget "WidgetWizard" */;
			buildPhases = (
				9BDC50482D3F701F0099ECEE /* Sources */,
				9BDC50492D3F701F0099ECEE /* Frameworks */,
				9BDC504A2D3F701F0099ECEE /* Resources */,
			);
			buildRules = (
			);
			dependencies = (
			);
			name = WidgetWizard;
			productName = MagicWizard;
			productReference = 9BDC504C2D3F701F0099ECEE /* WidgetWizard.app */;
			productType = "com.apple.product-type.application";
		};
		9BDC505C2D3F70210099ECEE /* WidgetWizardTests */ = {
			isa = PBXNativeTarget;
			buildConfigurationList = 9BDC50742D3F70210099ECEE /* Build configuration list for PBXNativeTarget "WidgetWizardTests" */;
			buildPhases = (
				9BDC50592D3F70210099ECEE /* Sources */,
				9BDC505A2D3F70210099ECEE /* Frameworks */,
				9BDC505B2D3F70210099ECEE /* Resources */,
			);
			buildRules = (
			);
			dependencies = (
				9BDC505F2D3F70210099ECEE /* PBXTargetDependency */,
			);
			name = WidgetWizardTests;
			productName = MagicWizardTests;
			productReference = 9BDC505D2D3F70210099ECEE /* WidgetWizardTests.xctest */;
			productType = "com.apple.product-type.bundle.unit-test";
		};
		9BDC50662D3F70210099ECEE /* WidgetWizardUITests */ = {
			isa = PBXNativeTarget;
			buildConfigurationList = 9BDC50772D3F70210099ECEE /* Build configuration list for PBXNativeTarget "WidgetWizardUITests" */;
			buildPhases = (
				9BDC50632D3F70210099ECEE /* Sources */,
				9BDC50642D3F70210099ECEE /* Frameworks */,
				9BDC50652D3F70210099ECEE /* Resources */,
			);
			buildRules = (
			);
			dependencies = (
				9BDC50692D3F70210099ECEE /* PBXTargetDependency */,
			);
			name = WidgetWizardUITests;
			productName = MagicWizardUITests;
			productReference = 9BDC50672D3F70210099ECEE /* WidgetWizardUITests.xctest */;
			productType = "com.apple.product-type.bundle.ui-testing";
		};
/* End PBXNativeTarget section */

/* Begin PBXProject section */
		9BDC50442D3F701F0099ECEE /* Project object */ = {
			isa = PBXProject;
			attributes = {
				BuildIndependentTargetsInParallel = 1;
				LastSwiftUpdateCheck = 1540;
				LastUpgradeCheck = 1540;
				TargetAttributes = {
					9BDC504B2D3F701F0099ECEE = {
						CreatedOnToolsVersion = 15.4;
					};
					9BDC505C2D3F70210099ECEE = {
						CreatedOnToolsVersion = 15.4;
						LastSwiftMigration = 1510;
						TestTargetID = 9BDC504B2D3F701F0099ECEE;
					};
					9BDC50662D3F70210099ECEE = {
						CreatedOnToolsVersion = 15.4;
						LastSwiftMigration = 1510;
						TestTargetID = 9BDC504B2D3F701F0099ECEE;
					};
				};
			};
			buildConfigurationList = 9BDC50472D3F701F0099ECEE /* Build configuration list for PBXProject "WidgetWizard" */;
			compatibilityVersion = "Xcode 14.0";
			developmentRegion = en;
			hasScannedForEncodings = 0;
			knownRegions = (
				en,
				Base,
			);
			mainGroup = 9BDC50432D3F701F0099ECEE;
			productRefGroup = 9BDC504D2D3F701F0099ECEE /* Products */;
			projectDirPath = "";
			projectRoot = "";
			targets = (
				9BDC504B2D3F701F0099ECEE /* WidgetWizard */,
				9BDC505C2D3F70210099ECEE /* WidgetWizardTests */,
				9BDC50662D3F70210099ECEE /* WidgetWizardUITests */,
			);
		};
/* End PBXProject section */

/* Begin PBXResourcesBuildPhase section */
		9BDC504A2D3F701F0099ECEE /* Resources */ = {
			isa = PBXResourcesBuildPhase;
			buildActionMask = 2147483647;
			files = (
				9BDC50572D3F70210099ECEE /* Preview Assets.xcassets in Resources */,
				9BDC50542D3F70210099ECEE /* Assets.xcassets in Resources */,
				9B7FB9E52D76781200CFEF2E /* mock.json in Resources */,
			);
			runOnlyForDeploymentPostprocessing = 0;
		};
		9BDC505B2D3F70210099ECEE /* Resources */ = {
			isa = PBXResourcesBuildPhase;
			buildActionMask = 2147483647;
			files = (
				9B7FB9E62D76781200CFEF2E /* mock.json in Resources */,
			);
			runOnlyForDeploymentPostprocessing = 0;
		};
		9BDC50652D3F70210099ECEE /* Resources */ = {
			isa = PBXResourcesBuildPhase;
			buildActionMask = 2147483647;
			files = (
				9B7FB9E72D76781200CFEF2E /* mock.json in Resources */,
			);
			runOnlyForDeploymentPostprocessing = 0;
		};
/* End PBXResourcesBuildPhase section */

/* Begin PBXSourcesBuildPhase section */
		9BDC50482D3F701F0099ECEE /* Sources */ = {
			isa = PBXSourcesBuildPhase;
			buildActionMask = 2147483647;
			files = (
				9B7FB9D52D7674A300CFEF2E /* MenuBarViewModel.swift in Sources */,
				9B7FB9DD2D7675D400CFEF2E /* MenuBarTitleButtonViewModel.swift in Sources */,
				9B7FB9E12D76776900CFEF2E /* TickTickRequester.swift in Sources */,
				9BDC50522D3F701F0099ECEE /* MenuBarView.swift in Sources */,
				9BDC50502D3F701F0099ECEE /* WidgetWizardApp.swift in Sources */,
				9B7FB9D92D7675B600CFEF2E /* MenuBarTitleButton.swift in Sources */,
			);
			runOnlyForDeploymentPostprocessing = 0;
		};
		9BDC50592D3F70210099ECEE /* Sources */ = {
			isa = PBXSourcesBuildPhase;
			buildActionMask = 2147483647;
			files = (
				9B7FB9E92D77CCE800CFEF2E /* MenuBarTitleButtonViewModel.test.swift in Sources */,
				9B7FB9E22D76776900CFEF2E /* TickTickRequester.swift in Sources */,
				9B7FB9DE2D7675D400CFEF2E /* MenuBarTitleButtonViewModel.swift in Sources */,
				9B7FB9D62D7674A300CFEF2E /* MenuBarViewModel.swift in Sources */,
				9B7FB9DA2D7675B600CFEF2E /* MenuBarTitleButton.swift in Sources */,
			);
			runOnlyForDeploymentPostprocessing = 0;
		};
		9BDC50632D3F70210099ECEE /* Sources */ = {
			isa = PBXSourcesBuildPhase;
			buildActionMask = 2147483647;
			files = (
				9B7FB9E32D76776900CFEF2E /* TickTickRequester.swift in Sources */,
				9B7FB9DF2D7675D400CFEF2E /* MenuBarTitleButtonViewModel.swift in Sources */,
				9B7FB9D72D7674A300CFEF2E /* MenuBarViewModel.swift in Sources */,
				9B7FB9DB2D7675B600CFEF2E /* MenuBarTitleButton.swift in Sources */,
			);
			runOnlyForDeploymentPostprocessing = 0;
		};
/* End PBXSourcesBuildPhase section */

/* Begin PBXTargetDependency section */
		9BDC505F2D3F70210099ECEE /* PBXTargetDependency */ = {
			isa = PBXTargetDependency;
			target = 9BDC504B2D3F701F0099ECEE /* WidgetWizard */;
			targetProxy = 9BDC505E2D3F70210099ECEE /* PBXContainerItemProxy */;
		};
		9BDC50692D3F70210099ECEE /* PBXTargetDependency */ = {
			isa = PBXTargetDependency;
			target = 9BDC504B2D3F701F0099ECEE /* WidgetWizard */;
			targetProxy = 9BDC50682D3F70210099ECEE /* PBXContainerItemProxy */;
		};
/* End PBXTargetDependency section */

/* Begin XCBuildConfiguration section */
		9BDC506F2D3F70210099ECEE /* Debug */ = {
			isa = XCBuildConfiguration;
			buildSettings = {
				ALWAYS_SEARCH_USER_PATHS = NO;
				ASSETCATALOG_COMPILER_GENERATE_SWIFT_ASSET_SYMBOL_EXTENSIONS = YES;
				CLANG_ANALYZER_NONNULL = YES;
				CLANG_ANALYZER_NUMBER_OBJECT_CONVERSION = YES_AGGRESSIVE;
				CLANG_CXX_LANGUAGE_STANDARD = "gnu++20";
				CLANG_ENABLE_MODULES = YES;
				CLANG_ENABLE_OBJC_ARC = YES;
				CLANG_ENABLE_OBJC_WEAK = YES;
				CLANG_WARN_BLOCK_CAPTURE_AUTORELEASING = YES;
				CLANG_WARN_BOOL_CONVERSION = YES;
				CLANG_WARN_COMMA = YES;
				CLANG_WARN_CONSTANT_CONVERSION = YES;
				CLANG_WARN_DEPRECATED_OBJC_IMPLEMENTATIONS = YES;
				CLANG_WARN_DIRECT_OBJC_ISA_USAGE = YES_ERROR;
				CLANG_WARN_DOCUMENTATION_COMMENTS = YES;
				CLANG_WARN_EMPTY_BODY = YES;
				CLANG_WARN_ENUM_CONVERSION = YES;
				CLANG_WARN_INFINITE_RECURSION = YES;
				CLANG_WARN_INT_CONVERSION = YES;
				CLANG_WARN_NON_LITERAL_NULL_CONVERSION = YES;
				CLANG_WARN_OBJC_IMPLICIT_RETAIN_SELF = YES;
				CLANG_WARN_OBJC_LITERAL_CONVERSION = YES;
				CLANG_WARN_OBJC_ROOT_CLASS = YES_ERROR;
				CLANG_WARN_QUOTED_INCLUDE_IN_FRAMEWORK_HEADER = YES;
				CLANG_WARN_RANGE_LOOP_ANALYSIS = YES;
				CLANG_WARN_STRICT_PROTOTYPES = YES;
				CLANG_WARN_SUSPICIOUS_MOVE = YES;
				CLANG_WARN_UNGUARDED_AVAILABILITY = YES_AGGRESSIVE;
				CLANG_WARN_UNREACHABLE_CODE = YES;
				CLANG_WARN__DUPLICATE_METHOD_MATCH = YES;
				COPY_PHASE_STRIP = NO;
				DEBUG_INFORMATION_FORMAT = dwarf;
				ENABLE_STRICT_OBJC_MSGSEND = YES;
				ENABLE_TESTABILITY = YES;
				ENABLE_USER_SCRIPT_SANDBOXING = YES;
				GCC_C_LANGUAGE_STANDARD = gnu17;
				GCC_DYNAMIC_NO_PIC = NO;
				GCC_NO_COMMON_BLOCKS = YES;
				GCC_OPTIMIZATION_LEVEL = 0;
				GCC_PREPROCESSOR_DEFINITIONS = (
					"DEBUG=1",
					"$(inherited)",
				);
				GCC_WARN_64_TO_32_BIT_CONVERSION = YES;
				GCC_WARN_ABOUT_RETURN_TYPE = YES_ERROR;
				GCC_WARN_UNDECLARED_SELECTOR = YES;
				GCC_WARN_UNINITIALIZED_AUTOS = YES_AGGRESSIVE;
				GCC_WARN_UNUSED_FUNCTION = YES;
				GCC_WARN_UNUSED_VARIABLE = YES;
				LOCALIZATION_PREFERS_STRING_CATALOGS = YES;
				MACOSX_DEPLOYMENT_TARGET = 14.5;
				MTL_ENABLE_DEBUG_INFO = INCLUDE_SOURCE;
				MTL_FAST_MATH = YES;
				ONLY_ACTIVE_ARCH = YES;
				SDKROOT = macosx;
				SWIFT_ACTIVE_COMPILATION_CONDITIONS = "DEBUG $(inherited)";
				SWIFT_OPTIMIZATION_LEVEL = "-Onone";
			};
			name = Debug;
		};
		9BDC50702D3F70210099ECEE /* Release */ = {
			isa = XCBuildConfiguration;
			buildSettings = {
				ALWAYS_SEARCH_USER_PATHS = NO;
				ASSETCATALOG_COMPILER_GENERATE_SWIFT_ASSET_SYMBOL_EXTENSIONS = YES;
				CLANG_ANALYZER_NONNULL = YES;
				CLANG_ANALYZER_NUMBER_OBJECT_CONVERSION = YES_AGGRESSIVE;
				CLANG_CXX_LANGUAGE_STANDARD = "gnu++20";
				CLANG_ENABLE_MODULES = YES;
				CLANG_ENABLE_OBJC_ARC = YES;
				CLANG_ENABLE_OBJC_WEAK = YES;
				CLANG_WARN_BLOCK_CAPTURE_AUTORELEASING = YES;
				CLANG_WARN_BOOL_CONVERSION = YES;
				CLANG_WARN_COMMA = YES;
				CLANG_WARN_CONSTANT_CONVERSION = YES;
				CLANG_WARN_DEPRECATED_OBJC_IMPLEMENTATIONS = YES;
				CLANG_WARN_DIRECT_OBJC_ISA_USAGE = YES_ERROR;
				CLANG_WARN_DOCUMENTATION_COMMENTS = YES;
				CLANG_WARN_EMPTY_BODY = YES;
				CLANG_WARN_ENUM_CONVERSION = YES;
				CLANG_WARN_INFINITE_RECURSION = YES;
				CLANG_WARN_INT_CONVERSION = YES;
				CLANG_WARN_NON_LITERAL_NULL_CONVERSION = YES;
				CLANG_WARN_OBJC_IMPLICIT_RETAIN_SELF = YES;
				CLANG_WARN_OBJC_LITERAL_CONVERSION = YES;
				CLANG_WARN_OBJC_ROOT_CLASS = YES_ERROR;
				CLANG_WARN_QUOTED_INCLUDE_IN_FRAMEWORK_HEADER = YES;
				CLANG_WARN_RANGE_LOOP_ANALYSIS = YES;
				CLANG_WARN_STRICT_PROTOTYPES = YES;
				CLANG_WARN_SUSPICIOUS_MOVE = YES;
				CLANG_WARN_UNGUARDED_AVAILABILITY = YES_AGGRESSIVE;
				CLANG_WARN_UNREACHABLE_CODE = YES;
				CLANG_WARN__DUPLICATE_METHOD_MATCH = YES;
				COPY_PHASE_STRIP = NO;
				DEBUG_INFORMATION_FORMAT = "dwarf-with-dsym";
				ENABLE_NS_ASSERTIONS = NO;
				ENABLE_STRICT_OBJC_MSGSEND = YES;
				ENABLE_USER_SCRIPT_SANDBOXING = YES;
				GCC_C_LANGUAGE_STANDARD = gnu17;
				GCC_NO_COMMON_BLOCKS = YES;
				GCC_WARN_64_TO_32_BIT_CONVERSION = YES;
				GCC_WARN_ABOUT_RETURN_TYPE = YES_ERROR;
				GCC_WARN_UNDECLARED_SELECTOR = YES;
				GCC_WARN_UNINITIALIZED_AUTOS = YES_AGGRESSIVE;
				GCC_WARN_UNUSED_FUNCTION = YES;
				GCC_WARN_UNUSED_VARIABLE = YES;
				LOCALIZATION_PREFERS_STRING_CATALOGS = YES;
				MACOSX_DEPLOYMENT_TARGET = 14.5;
				MTL_ENABLE_DEBUG_INFO = NO;
				MTL_FAST_MATH = YES;
				SDKROOT = macosx;
				SWIFT_COMPILATION_MODE = wholemodule;
			};
			name = Release;
		};
		9BDC50722D3F70210099ECEE /* Debug */ = {
			isa = XCBuildConfiguration;
			buildSettings = {
				ASSETCATALOG_COMPILER_APPICON_NAME = AppIcon;
				ASSETCATALOG_COMPILER_GLOBAL_ACCENT_COLOR_NAME = AccentColor;
				CODE_SIGN_ENTITLEMENTS = WidgetWizard/WidgetWizard.entitlements;
				CODE_SIGN_IDENTITY = "Apple Development";
				"CODE_SIGN_IDENTITY[sdk=macosx*]" = "-";
				CODE_SIGN_STYLE = Automatic;
				COMBINE_HIDPI_IMAGES = YES;
				CURRENT_PROJECT_VERSION = 1;
				DEVELOPMENT_ASSET_PATHS = "\"WidgetWizard/Preview Content\"";
				DEVELOPMENT_TEAM = EPY6FQ3R94;
				ENABLE_HARDENED_RUNTIME = YES;
				ENABLE_PREVIEWS = YES;
				GENERATE_INFOPLIST_FILE = YES;
				INFOPLIST_KEY_NSHumanReadableCopyright = "";
				LD_RUNPATH_SEARCH_PATHS = (
					"$(inherited)",
					"@executable_path/../Frameworks",
				);
				MARKETING_VERSION = 1.0;
				PRODUCT_BUNDLE_IDENTIFIER = com.saitjr.WidgetWizard;
				PRODUCT_NAME = "$(TARGET_NAME)";
				PROVISIONING_PROFILE_SPECIFIER = "";
				SWIFT_EMIT_LOC_STRINGS = YES;
				SWIFT_VERSION = 5.0;
			};
			name = Debug;
		};
		9BDC50732D3F70210099ECEE /* Release */ = {
			isa = XCBuildConfiguration;
			buildSettings = {
				ASSETCATALOG_COMPILER_APPICON_NAME = AppIcon;
				ASSETCATALOG_COMPILER_GLOBAL_ACCENT_COLOR_NAME = AccentColor;
				CODE_SIGN_ENTITLEMENTS = WidgetWizard/WidgetWizard.entitlements;
				CODE_SIGN_IDENTITY = "Apple Development";
				"CODE_SIGN_IDENTITY[sdk=macosx*]" = "-";
				CODE_SIGN_STYLE = Automatic;
				COMBINE_HIDPI_IMAGES = YES;
				CURRENT_PROJECT_VERSION = 1;
				DEVELOPMENT_ASSET_PATHS = "\"WidgetWizard/Preview Content\"";
				DEVELOPMENT_TEAM = EPY6FQ3R94;
				ENABLE_HARDENED_RUNTIME = YES;
				ENABLE_PREVIEWS = YES;
				GENERATE_INFOPLIST_FILE = YES;
				INFOPLIST_KEY_NSHumanReadableCopyright = "";
				LD_RUNPATH_SEARCH_PATHS = (
					"$(inherited)",
					"@executable_path/../Frameworks",
				);
				MARKETING_VERSION = 1.0;
				PRODUCT_BUNDLE_IDENTIFIER = com.saitjr.WidgetWizard;
				PRODUCT_NAME = "$(TARGET_NAME)";
				PROVISIONING_PROFILE_SPECIFIER = "";
				SWIFT_EMIT_LOC_STRINGS = YES;
				SWIFT_VERSION = 5.0;
			};
			name = Release;
		};
		9BDC50752D3F70210099ECEE /* Debug */ = {
			isa = XCBuildConfiguration;
			buildSettings = {
				ALWAYS_EMBED_SWIFT_STANDARD_LIBRARIES = YES;
				BUNDLE_LOADER = "$(TEST_HOST)";
				CLANG_ENABLE_MODULES = YES;
				CODE_SIGN_STYLE = Automatic;
				CURRENT_PROJECT_VERSION = 1;
				DEVELOPMENT_TEAM = EPY6FQ3R94;
				GENERATE_INFOPLIST_FILE = YES;
				MACOSX_DEPLOYMENT_TARGET = 14.5;
				MARKETING_VERSION = 1.0;
				PRODUCT_BUNDLE_IDENTIFIER = com.saitjr.MagicWizardTests;
				PRODUCT_NAME = "$(TARGET_NAME)";
				SWIFT_EMIT_LOC_STRINGS = NO;
				SWIFT_OBJC_BRIDGING_HEADER = "WidgetWizard/src/TickTickMenuBar/WidgetWizardTests-Bridging-Header.h";
				SWIFT_OPTIMIZATION_LEVEL = "-Onone";
				SWIFT_VERSION = 5.0;
				TEST_HOST = "$(BUILT_PRODUCTS_DIR)/WidgetWizard.app/$(BUNDLE_EXECUTABLE_FOLDER_PATH)/WidgetWizard";
			};
			name = Debug;
		};
		9BDC50762D3F70210099ECEE /* Release */ = {
			isa = XCBuildConfiguration;
			buildSettings = {
				ALWAYS_EMBED_SWIFT_STANDARD_LIBRARIES = YES;
				BUNDLE_LOADER = "$(TEST_HOST)";
				CLANG_ENABLE_MODULES = YES;
				CODE_SIGN_STYLE = Automatic;
				CURRENT_PROJECT_VERSION = 1;
				DEVELOPMENT_TEAM = EPY6FQ3R94;
				GENERATE_INFOPLIST_FILE = YES;
				MACOSX_DEPLOYMENT_TARGET = 14.5;
				MARKETING_VERSION = 1.0;
				PRODUCT_BUNDLE_IDENTIFIER = com.saitjr.MagicWizardTests;
				PRODUCT_NAME = "$(TARGET_NAME)";
				SWIFT_EMIT_LOC_STRINGS = NO;
				SWIFT_OBJC_BRIDGING_HEADER = "WidgetWizard/src/TickTickMenuBar/WidgetWizardTests-Bridging-Header.h";
				SWIFT_VERSION = 5.0;
				TEST_HOST = "$(BUILT_PRODUCTS_DIR)/WidgetWizard.app/$(BUNDLE_EXECUTABLE_FOLDER_PATH)/WidgetWizard";
			};
			name = Release;
		};
		9BDC50782D3F70210099ECEE /* Debug */ = {
			isa = XCBuildConfiguration;
			buildSettings = {
				ALWAYS_EMBED_SWIFT_STANDARD_LIBRARIES = YES;
				CLANG_ENABLE_MODULES = YES;
				CODE_SIGN_STYLE = Automatic;
				CURRENT_PROJECT_VERSION = 1;
				DEVELOPMENT_TEAM = EPY6FQ3R94;
				GENERATE_INFOPLIST_FILE = YES;
				MARKETING_VERSION = 1.0;
				PRODUCT_BUNDLE_IDENTIFIER = com.saitjr.MagicWizardUITests;
				PRODUCT_NAME = "$(TARGET_NAME)";
				SWIFT_EMIT_LOC_STRINGS = NO;
				SWIFT_OBJC_BRIDGING_HEADER = "WidgetWizard/src/TickTickMenuBar/WidgetWizardUITests-Bridging-Header.h";
				SWIFT_OPTIMIZATION_LEVEL = "-Onone";
				SWIFT_VERSION = 5.0;
				TEST_TARGET_NAME = MagicWizard;
			};
			name = Debug;
		};
		9BDC50792D3F70210099ECEE /* Release */ = {
			isa = XCBuildConfiguration;
			buildSettings = {
				ALWAYS_EMBED_SWIFT_STANDARD_LIBRARIES = YES;
				CLANG_ENABLE_MODULES = YES;
				CODE_SIGN_STYLE = Automatic;
				CURRENT_PROJECT_VERSION = 1;
				DEVELOPMENT_TEAM = EPY6FQ3R94;
				GENERATE_INFOPLIST_FILE = YES;
				MARKETING_VERSION = 1.0;
				PRODUCT_BUNDLE_IDENTIFIER = com.saitjr.MagicWizardUITests;
				PRODUCT_NAME = "$(TARGET_NAME)";
				SWIFT_EMIT_LOC_STRINGS = NO;
				SWIFT_OBJC_BRIDGING_HEADER = "WidgetWizard/src/TickTickMenuBar/WidgetWizardUITests-Bridging-Header.h";
				SWIFT_VERSION = 5.0;
				TEST_TARGET_NAME = MagicWizard;
			};
			name = Release;
		};
/* End XCBuildConfiguration section */

/* Begin XCConfigurationList section */
		9BDC50472D3F701F0099ECEE /* Build configuration list for PBXProject "WidgetWizard" */ = {
			isa = XCConfigurationList;
			buildConfigurations = (
				9BDC506F2D3F70210099ECEE /* Debug */,
				9BDC50702D3F70210099ECEE /* Release */,
			);
			defaultConfigurationIsVisible = 0;
			defaultConfigurationName = Release;
		};
		9BDC50712D3F70210099ECEE /* Build configuration list for PBXNativeTarget "WidgetWizard" */ = {
			isa = XCConfigurationList;
			buildConfigurations = (
				9BDC50722D3F70210099ECEE /* Debug */,
				9BDC50732D3F70210099ECEE /* Release */,
			);
			defaultConfigurationIsVisible = 0;
			defaultConfigurationName = Release;
		};
		9BDC50742D3F70210099ECEE /* Build configuration list for PBXNativeTarget "WidgetWizardTests" */ = {
			isa = XCConfigurationList;
			buildConfigurations = (
				9BDC50752D3F70210099ECEE /* Debug */,
				9BDC50762D3F70210099ECEE /* Release */,
			);
			defaultConfigurationIsVisible = 0;
			defaultConfigurationName = Release;
		};
		9BDC50772D3F70210099ECEE /* Build configuration list for PBXNativeTarget "WidgetWizardUITests" */ = {
			isa = XCConfigurationList;
			buildConfigurations = (
				9BDC50782D3F70210099ECEE /* Debug */,
				9BDC50792D3F70210099ECEE /* Release */,
			);
			defaultConfigurationIsVisible = 0;
			defaultConfigurationName = Release;
		};
/* End XCConfigurationList section */
	};
	rootObject = 9BDC50442D3F701F0099ECEE /* Project object */;
}
